
Microsoft Visual Studio Solution File, Format Version 12.00
# Visual Studio Version 16
VisualStudioVersion = 16.0.29230.47
MinimumVisualStudioVersion = 10.0.40219.1
Project("{FAE04EC0-301F-11D3-BF4B-00C04F79EFBC}") = "ScreenOff", "ScreenOff.csproj", "{52D2031D-551C-4A64-95B6-BFB36F45B1A8}"
EndProject
Global
	GlobalSection(SolutionConfigurationPlatforms) = preSolution
		Debug|Any CPU = Debug|Any CPU
		Release|Any CPU = Release|Any CPU
	EndGlobalSection
	GlobalSection(ProjectConfigurationPlatforms) = postSolution
		{52D2031D-551C-4A64-95B6-BFB36F45B1A8}.Debug|Any CPU.ActiveCfg = Debug|Any CPU
		{52D2031D-551C-4A64-95B6-BFB36F45B1A8}.Debug|Any CPU.Build.0 = Debug|Any CPU
		{52D2031D-551C-4A64-95B6-BFB36F45B1A8}.Release|Any CPU.ActiveCfg = Release|Any CPU
		{52D2031D-551C-4A64-95B6-BFB36F45B1A8}.Release|Any CPU.Build.0 = Release|Any CPU
	EndGlobalSection
	GlobalSection(SolutionProperties) = preSolution
		HideSolutionNode = FALSE
	EndGlobalSection
	GlobalSection(ExtensibilityGlobals) = postSolution
		SolutionGuid = {DA53495C-758F-4FD8-BFF6-71E2370E2F5E}
	EndGlobalSection
EndGlobal
